
Microsoft Visual Studio Solution File, Format Version 12.00
Project("{FAE04EC0-301F-11D3-BF4B-00C04F79EFBC}") = "FStump", "FStump\FStump.csproj", "{42AA4375-B855-4101-92B6-CF408A4B9C5D}"
EndProject
Global
	GlobalSection(SolutionConfigurationPlatforms) = preSolution
		Debug|Any CPU = Debug|Any CPU
		Release|Any CPU = Release|Any CPU
	EndGlobalSection
	GlobalSection(ProjectConfigurationPlatforms) = postSolution
		{42AA4375-B855-4101-92B6-CF408A4B9C5D}.Debug|Any CPU.ActiveCfg = Debug|Any CPU
		{42AA4375-B855-4101-92B6-CF408A4B9C5D}.Debug|Any CPU.Build.0 = Debug|Any CPU
		{42AA4375-B855-4101-92B6-CF408A4B9C5D}.Release|Any CPU.ActiveCfg = Release|Any CPU
		{42AA4375-B855-4101-92B6-CF408A4B9C5D}.Release|Any CPU.Build.0 = Release|Any CPU
	EndGlobalSection
EndGlobal
